// !$*UTF8*$!
{
	archiveVersion = 1;
	classes = {
	};
	objectVersion = 50;
	objects = {

/* Begin PBXBuildFile section */
		3B97C0FF26EE314600AEEA1F /* MemeTableViewController.swift in Sources */ = {isa = PBXBuildFile; fileRef = 3B97C0FD26EE314600AEEA1F /* MemeTableViewController.swift */; };
		3B97C10026EE314600AEEA1F /* MemeEditorViewController.swift in Sources */ = {isa = PBXBuildFile; fileRef = 3B97C0FE26EE314600AEEA1F /* MemeEditorViewController.swift */; };
		3B97C10226EE327F00AEEA1F /* MemeCollectionViewController.swift in Sources */ = {isa = PBXBuildFile; fileRef = 3B97C10126EE327F00AEEA1F /* MemeCollectionViewController.swift */; };
		3B97C10626EE3EA600AEEA1F /* MemeDetailViewController.swift in Sources */ = {isa = PBXBuildFile; fileRef = 3B97C10526EE3EA600AEEA1F /* MemeDetailViewController.swift */; };
		3BC724FE26D7B68B007A4774 /* MemeTableViewCell.swift in Sources */ = {isa = PBXBuildFile; fileRef = 3BC724FC26D7B68B007A4774 /* MemeTableViewCell.swift */; };
		3BC724FF26D7B68B007A4774 /* MemeTableViewCell.xib in Resources */ = {isa = PBXBuildFile; fileRef = 3BC724FD26D7B68B007A4774 /* MemeTableViewCell.xib */; };
		3BC7250426D90781007A4774 /* MemeCollectionViewCell.swift in Sources */ = {isa = PBXBuildFile; fileRef = 3BC7250226D90781007A4774 /* MemeCollectionViewCell.swift */; };
		3BC7250526D90781007A4774 /* MemeCollectionViewCell.xib in Resources */ = {isa = PBXBuildFile; fileRef = 3BC7250326D90781007A4774 /* MemeCollectionViewCell.xib */; };
		3BD4E38726D29A0000C526FA /* AppDelegate.swift in Sources */ = {isa = PBXBuildFile; fileRef = 3BD4E38626D29A0000C526FA /* AppDelegate.swift */; };
		3BD4E38926D29A0000C526FA /* SceneDelegate.swift in Sources */ = {isa = PBXBuildFile; fileRef = 3BD4E38826D29A0000C526FA /* SceneDelegate.swift */; };
		3BD4E38E26D29A0000C526FA /* Main.storyboard in Resources */ = {isa = PBXBuildFile; fileRef = 3BD4E38C26D29A0000C526FA /* Main.storyboard */; };
		3BD4E39026D29A0500C526FA /* Assets.xcassets in Resources */ = {isa = PBXBuildFile; fileRef = 3BD4E38F26D29A0500C526FA /* Assets.xcassets */; };
		3BD4E39326D29A0500C526FA /* LaunchScreen.storyboard in Resources */ = {isa = PBXBuildFile; fileRef = 3BD4E39126D29A0500C526FA /* LaunchScreen.storyboard */; };
		3BD4E39C26D29A4900C526FA /* Meme.swift in Sources */ = {isa = PBXBuildFile; fileRef = 3BD4E39B26D29A4900C526FA /* Meme.swift */; };
/* End PBXBuildFile section */

/* Begin PBXFileReference section */
		3B97C0FD26EE314600AEEA1F /* MemeTableViewController.swift */ = {isa = PBXFileReference; fileEncoding = 4; lastKnownFileType = sourcecode.swift; path = MemeTableViewController.swift; sourceTree = "<group>"; };
		3B97C0FE26EE314600AEEA1F /* MemeEditorViewController.swift */ = {isa = PBXFileReference; fileEncoding = 4; lastKnownFileType = sourcecode.swift; path = MemeEditorViewController.swift; sourceTree = "<group>"; };
		3B97C10126EE327F00AEEA1F /* MemeCollectionViewController.swift */ = {isa = PBXFileReference; fileEncoding = 4; lastKnownFileType = sourcecode.swift; path = MemeCollectionViewController.swift; sourceTree = "<group>"; };
		3B97C10526EE3EA600AEEA1F /* MemeDetailViewController.swift */ = {isa = PBXFileReference; lastKnownFileType = sourcecode.swift; path = MemeDetailViewController.swift; sourceTree = "<group>"; };
		3BC724FC26D7B68B007A4774 /* MemeTableViewCell.swift */ = {isa = PBXFileReference; lastKnownFileType = sourcecode.swift; path = MemeTableViewCell.swift; sourceTree = "<group>"; };
		3BC724FD26D7B68B007A4774 /* MemeTableViewCell.xib */ = {isa = PBXFileReference; lastKnownFileType = file.xib; path = MemeTableViewCell.xib; sourceTree = "<group>"; };
		3BC7250226D90781007A4774 /* MemeCollectionViewCell.swift */ = {isa = PBXFileReference; lastKnownFileType = sourcecode.swift; path = MemeCollectionViewCell.swift; sourceTree = "<group>"; };
		3BC7250326D90781007A4774 /* MemeCollectionViewCell.xib */ = {isa = PBXFileReference; lastKnownFileType = file.xib; path = MemeCollectionViewCell.xib; sourceTree = "<group>"; };
		3BD4E38326D29A0000C526FA /* MemeMe.app */ = {isa = PBXFileReference; explicitFileType = wrapper.application; includeInIndex = 0; path = MemeMe.app; sourceTree = BUILT_PRODUCTS_DIR; };
		3BD4E38626D29A0000C526FA /* AppDelegate.swift */ = {isa = PBXFileReference; lastKnownFileType = sourcecode.swift; path = AppDelegate.swift; sourceTree = "<group>"; };
		3BD4E38826D29A0000C526FA /* SceneDelegate.swift */ = {isa = PBXFileReference; lastKnownFileType = sourcecode.swift; path = SceneDelegate.swift; sourceTree = "<group>"; };
		3BD4E38D26D29A0000C526FA /* Base */ = {isa = PBXFileReference; lastKnownFileType = file.storyboard; name = Base; path = Base.lproj/Main.storyboard; sourceTree = "<group>"; };
		3BD4E38F26D29A0500C526FA /* Assets.xcassets */ = {isa = PBXFileReference; lastKnownFileType = folder.assetcatalog; path = Assets.xcassets; sourceTree = "<group>"; };
		3BD4E39226D29A0500C526FA /* Base */ = {isa = PBXFileReference; lastKnownFileType = file.storyboard; name = Base; path = Base.lproj/LaunchScreen.storyboard; sourceTree = "<group>"; };
		3BD4E39426D29A0500C526FA /* Info.plist */ = {isa = PBXFileReference; lastKnownFileType = text.plist.xml; path = Info.plist; sourceTree = "<group>"; };
		3BD4E39B26D29A4900C526FA /* Meme.swift */ = {isa = PBXFileReference; lastKnownFileType = sourcecode.swift; path = Meme.swift; sourceTree = "<group>"; };
/* End PBXFileReference section */

/* Begin PBXFrameworksBuildPhase section */
		3BD4E38026D29A0000C526FA /* Frameworks */ = {
			isa = PBXFrameworksBuildPhase;
			buildActionMask = 2147483647;
			files = (
			);
			runOnlyForDeploymentPostprocessing = 0;
		};
/* End PBXFrameworksBuildPhase section */

/* Begin PBXGroup section */
		3B97C0FC26EE314600AEEA1F /* ViewController */ = {
			isa = PBXGroup;
			children = (
				3B97C10126EE327F00AEEA1F /* MemeCollectionViewController.swift */,
				3B97C0FD26EE314600AEEA1F /* MemeTableViewController.swift */,
				3B97C0FE26EE314600AEEA1F /* MemeEditorViewController.swift */,
				3B97C10526EE3EA600AEEA1F /* MemeDetailViewController.swift */,
			);
			path = ViewController;
			sourceTree = "<group>";
		};
		3BC724F226D7B34E007A4774 /* Main Delegate */ = {
			isa = PBXGroup;
			children = (
				3BD4E38626D29A0000C526FA /* AppDelegate.swift */,
				3BD4E38826D29A0000C526FA /* SceneDelegate.swift */,
			);
			path = "Main Delegate";
			sourceTree = "<group>";
		};
		3BC724F326D7B368007A4774 /* Storyboard */ = {
			isa = PBXGroup;
			children = (
				3BD4E38C26D29A0000C526FA /* Main.storyboard */,
				3BD4E39126D29A0500C526FA /* LaunchScreen.storyboard */,
			);
			path = Storyboard;
			sourceTree = "<group>";
		};
		3BC724F926D7B5F2007A4774 /* Views */ = {
			isa = PBXGroup;
			children = (
				3BC724FA26D7B5FF007A4774 /* UITableViewCell */,
				3BC724FB26D7B60D007A4774 /* UICollectionViewCell */,
			);
			path = Views;
			sourceTree = "<group>";
		};
		3BC724FA26D7B5FF007A4774 /* UITableViewCell */ = {
			isa = PBXGroup;
			children = (
				3BC724FC26D7B68B007A4774 /* MemeTableViewCell.swift */,
				3BC724FD26D7B68B007A4774 /* MemeTableViewCell.xib */,
			);
			path = UITableViewCell;
			sourceTree = "<group>";
		};
		3BC724FB26D7B60D007A4774 /* UICollectionViewCell */ = {
			isa = PBXGroup;
			children = (
				3BC7250226D90781007A4774 /* MemeCollectionViewCell.swift */,
				3BC7250326D90781007A4774 /* MemeCollectionViewCell.xib */,
			);
			path = UICollectionViewCell;
			sourceTree = "<group>";
		};
		3BD4E37A26D29A0000C526FA = {
			isa = PBXGroup;
			children = (
				3BD4E38526D29A0000C526FA /* MemeMe */,
				3BD4E38426D29A0000C526FA /* Products */,
			);
			sourceTree = "<group>";
		};
		3BD4E38426D29A0000C526FA /* Products */ = {
			isa = PBXGroup;
			children = (
				3BD4E38326D29A0000C526FA /* MemeMe.app */,
			);
			name = Products;
			sourceTree = "<group>";
		};
		3BD4E38526D29A0000C526FA /* MemeMe */ = {
			isa = PBXGroup;
			children = (
				3BC724F926D7B5F2007A4774 /* Views */,
				3B97C0FC26EE314600AEEA1F /* ViewController */,
				3BD4E39A26D29A3800C526FA /* Model */,
				3BC724F326D7B368007A4774 /* Storyboard */,
				3BC724F226D7B34E007A4774 /* Main Delegate */,
				3BD4E38F26D29A0500C526FA /* Assets.xcassets */,
				3BD4E39426D29A0500C526FA /* Info.plist */,
			);
			path = MemeMe;
			sourceTree = "<group>";
		};
		3BD4E39A26D29A3800C526FA /* Model */ = {
			isa = PBXGroup;
			children = (
				3BD4E39B26D29A4900C526FA /* Meme.swift */,
			);
			path = Model;
			sourceTree = "<group>";
		};
/* End PBXGroup section */

/* Begin PBXNativeTarget section */
		3BD4E38226D29A0000C526FA /* MemeMe */ = {
			isa = PBXNativeTarget;
			buildConfigurationList = 3BD4E39726D29A0500C526FA /* Build configuration list for PBXNativeTarget "MemeMe" */;
			buildPhases = (
				3BD4E37F26D29A0000C526FA /* Sources */,
				3BD4E38026D29A0000C526FA /* Frameworks */,
				3BD4E38126D29A0000C526FA /* Resources */,
			);
			buildRules = (
			);
			dependencies = (
			);
			name = MemeMe;
			productName = MemeMe;
			productReference = 3BD4E38326D29A0000C526FA /* MemeMe.app */;
			productType = "com.apple.product-type.application";
		};
/* End PBXNativeTarget section */

/* Begin PBXProject section */
		3BD4E37B26D29A0000C526FA /* Project object */ = {
			isa = PBXProject;
			attributes = {
				LastSwiftUpdateCheck = 1250;
				LastUpgradeCheck = 1250;
				TargetAttributes = {
					3BD4E38226D29A0000C526FA = {
						CreatedOnToolsVersion = 12.5.1;
					};
				};
			};
			buildConfigurationList = 3BD4E37E26D29A0000C526FA /* Build configuration list for PBXProject "MemeMe" */;
			compatibilityVersion = "Xcode 9.3";
			developmentRegion = en;
			hasScannedForEncodings = 0;
			knownRegions = (
				en,
				Base,
			);
			mainGroup = 3BD4E37A26D29A0000C526FA;
			productRefGroup = 3BD4E38426D29A0000C526FA /* Products */;
			projectDirPath = "";
			projectRoot = "";
			targets = (
				3BD4E38226D29A0000C526FA /* MemeMe */,
			);
		};
/* End PBXProject section */

/* Begin PBXResourcesBuildPhase section */
		3BD4E38126D29A0000C526FA /* Resources */ = {
			isa = PBXResourcesBuildPhase;
			buildActionMask = 2147483647;
			files = (
				3BD4E39326D29A0500C526FA /* LaunchScreen.storyboard in Resources */,
				3BC724FF26D7B68B007A4774 /* MemeTableViewCell.xib in Resources */,
				3BD4E39026D29A0500C526FA /* Assets.xcassets in Resources */,
				3BC7250526D90781007A4774 /* MemeCollectionViewCell.xib in Resources */,
				3BD4E38E26D29A0000C526FA /* Main.storyboard in Resources */,
			);
			runOnlyForDeploymentPostprocessing = 0;
		};
/* End PBXResourcesBuildPhase section */

/* Begin PBXSourcesBuildPhase section */
		3BD4E37F26D29A0000C526FA /* Sources */ = {
			isa = PBXSourcesBuildPhase;
			buildActionMask = 2147483647;
			files = (
				3BD4E39C26D29A4900C526FA /* Meme.swift in Sources */,
				3BC7250426D90781007A4774 /* MemeCollectionViewCell.swift in Sources */,
				3BD4E38726D29A0000C526FA /* AppDelegate.swift in Sources */,
				3B97C0FF26EE314600AEEA1F /* MemeTableViewController.swift in Sources */,
				3B97C10226EE327F00AEEA1F /* MemeCollectionViewController.swift in Sources */,
				3BC724FE26D7B68B007A4774 /* MemeTableViewCell.swift in Sources */,
				3BD4E38926D29A0000C526FA /* SceneDelegate.swift in Sources */,
				3B97C10026EE314600AEEA1F /* MemeEditorViewController.swift in Sources */,
				3B97C10626EE3EA600AEEA1F /* MemeDetailViewController.swift in Sources */,
			);
			runOnlyForDeploymentPostprocessing = 0;
		};
/* End PBXSourcesBuildPhase section */

/* Begin PBXVariantGroup section */
		3BD4E38C26D29A0000C526FA /* Main.storyboard */ = {
			isa = PBXVariantGroup;
			children = (
				3BD4E38D26D29A0000C526FA /* Base */,
			);
			name = Main.storyboard;
			sourceTree = "<group>";
		};
		3BD4E39126D29A0500C526FA /* LaunchScreen.storyboard */ = {
			isa = PBXVariantGroup;
			children = (
				3BD4E39226D29A0500C526FA /* Base */,
			);
			name = LaunchScreen.storyboard;
			sourceTree = "<group>";
		};
/* End PBXVariantGroup section */

/* Begin XCBuildConfiguration section */
		3BD4E39526D29A0500C526FA /* Debug */ = {
			isa = XCBuildConfiguration;
			buildSettings = {
				ALWAYS_SEARCH_USER_PATHS = NO;
				CLANG_ANALYZER_NONNULL = YES;
				CLANG_ANALYZER_NUMBER_OBJECT_CONVERSION = YES_AGGRESSIVE;
				CLANG_CXX_LANGUAGE_STANDARD = "gnu++14";
				CLANG_CXX_LIBRARY = "libc++";
				CLANG_ENABLE_MODULES = YES;
				CLANG_ENABLE_OBJC_ARC = YES;
				CLANG_ENABLE_OBJC_WEAK = YES;
				CLANG_WARN_BLOCK_CAPTURE_AUTORELEASING = YES;
				CLANG_WARN_BOOL_CONVERSION = YES;
				CLANG_WARN_COMMA = YES;
				CLANG_WARN_CONSTANT_CONVERSION = YES;
				CLANG_WARN_DEPRECATED_OBJC_IMPLEMENTATIONS = YES;
				CLANG_WARN_DIRECT_OBJC_ISA_USAGE = YES_ERROR;
				CLANG_WARN_DOCUMENTATION_COMMENTS = YES;
				CLANG_WARN_EMPTY_BODY = YES;
				CLANG_WARN_ENUM_CONVERSION = YES;
				CLANG_WARN_INFINITE_RECURSION = YES;
				CLANG_WARN_INT_CONVERSION = YES;
				CLANG_WARN_NON_LITERAL_NULL_CONVERSION = YES;
				CLANG_WARN_OBJC_IMPLICIT_RETAIN_SELF = YES;
				CLANG_WARN_OBJC_LITERAL_CONVERSION = YES;
				CLANG_WARN_OBJC_ROOT_CLASS = YES_ERROR;
				CLANG_WARN_QUOTED_INCLUDE_IN_FRAMEWORK_HEADER = YES;
				CLANG_WARN_RANGE_LOOP_ANALYSIS = YES;
				CLANG_WARN_STRICT_PROTOTYPES = YES;
				CLANG_WARN_SUSPICIOUS_MOVE = YES;
				CLANG_WARN_UNGUARDED_AVAILABILITY = YES_AGGRESSIVE;
				CLANG_WARN_UNREACHABLE_CODE = YES;
				CLANG_WARN__DUPLICATE_METHOD_MATCH = YES;
				COPY_PHASE_STRIP = NO;
				DEBUG_INFORMATION_FORMAT = dwarf;
				ENABLE_STRICT_OBJC_MSGSEND = YES;
				ENABLE_TESTABILITY = YES;
				GCC_C_LANGUAGE_STANDARD = gnu11;
				GCC_DYNAMIC_NO_PIC = NO;
				GCC_NO_COMMON_BLOCKS = YES;
				GCC_OPTIMIZATION_LEVEL = 0;
				GCC_PREPROCESSOR_DEFINITIONS = (
					"DEBUG=1",
					"$(inherited)",
				);
				GCC_WARN_64_TO_32_BIT_CONVERSION = YES;
				GCC_WARN_ABOUT_RETURN_TYPE = YES_ERROR;
				GCC_WARN_UNDECLARED_SELECTOR = YES;
				GCC_WARN_UNINITIALIZED_AUTOS = YES_AGGRESSIVE;
				GCC_WARN_UNUSED_FUNCTION = YES;
				GCC_WARN_UNUSED_VARIABLE = YES;
				IPHONEOS_DEPLOYMENT_TARGET = 14.5;
				MTL_ENABLE_DEBUG_INFO = INCLUDE_SOURCE;
				MTL_FAST_MATH = YES;
				ONLY_ACTIVE_ARCH = YES;
				SDKROOT = iphoneos;
				SWIFT_ACTIVE_COMPILATION_CONDITIONS = DEBUG;
				SWIFT_OPTIMIZATION_LEVEL = "-Onone";
			};
			name = Debug;
		};
		3BD4E39626D29A0500C526FA /* Release */ = {
			isa = XCBuildConfiguration;
			buildSettings = {
				ALWAYS_SEARCH_USER_PATHS = NO;
				CLANG_ANALYZER_NONNULL = YES;
				CLANG_ANALYZER_NUMBER_OBJECT_CONVERSION = YES_AGGRESSIVE;
				CLANG_CXX_LANGUAGE_STANDARD = "gnu++14";
				CLANG_CXX_LIBRARY = "libc++";
				CLANG_ENABLE_MODULES = YES;
				CLANG_ENABLE_OBJC_ARC = YES;
				CLANG_ENABLE_OBJC_WEAK = YES;
				CLANG_WARN_BLOCK_CAPTURE_AUTORELEASING = YES;
				CLANG_WARN_BOOL_CONVERSION = YES;
				CLANG_WARN_COMMA = YES;
				CLANG_WARN_CONSTANT_CONVERSION = YES;
				CLANG_WARN_DEPRECATED_OBJC_IMPLEMENTATIONS = YES;
				CLANG_WARN_DIRECT_OBJC_ISA_USAGE = YES_ERROR;
				CLANG_WARN_DOCUMENTATION_COMMENTS = YES;
				CLANG_WARN_EMPTY_BODY = YES;
				CLANG_WARN_ENUM_CONVERSION = YES;
				CLANG_WARN_INFINITE_RECURSION = YES;
				CLANG_WARN_INT_CONVERSION = YES;
				CLANG_WARN_NON_LITERAL_NULL_CONVERSION = YES;
				CLANG_WARN_OBJC_IMPLICIT_RETAIN_SELF = YES;
				CLANG_WARN_OBJC_LITERAL_CONVERSION = YES;
				CLANG_WARN_OBJC_ROOT_CLASS = YES_ERROR;
				CLANG_WARN_QUOTED_INCLUDE_IN_FRAMEWORK_HEADER = YES;
				CLANG_WARN_RANGE_LOOP_ANALYSIS = YES;
				CLANG_WARN_STRICT_PROTOTYPES = YES;
				CLANG_WARN_SUSPICIOUS_MOVE = YES;
				CLANG_WARN_UNGUARDED_AVAILABILITY = YES_AGGRESSIVE;
				CLANG_WARN_UNREACHABLE_CODE = YES;
				CLANG_WARN__DUPLICATE_METHOD_MATCH = YES;
				COPY_PHASE_STRIP = NO;
				DEBUG_INFORMATION_FORMAT = "dwarf-with-dsym";
				ENABLE_NS_ASSERTIONS = NO;
				ENABLE_STRICT_OBJC_MSGSEND = YES;
				GCC_C_LANGUAGE_STANDARD = gnu11;
				GCC_NO_COMMON_BLOCKS = YES;
				GCC_WARN_64_TO_32_BIT_CONVERSION = YES;
				GCC_WARN_ABOUT_RETURN_TYPE = YES_ERROR;
				GCC_WARN_UNDECLARED_SELECTOR = YES;
				GCC_WARN_UNINITIALIZED_AUTOS = YES_AGGRESSIVE;
				GCC_WARN_UNUSED_FUNCTION = YES;
				GCC_WARN_UNUSED_VARIABLE = YES;
				IPHONEOS_DEPLOYMENT_TARGET = 14.5;
				MTL_ENABLE_DEBUG_INFO = NO;
				MTL_FAST_MATH = YES;
				SDKROOT = iphoneos;
				SWIFT_COMPILATION_MODE = wholemodule;
				SWIFT_OPTIMIZATION_LEVEL = "-O";
				VALIDATE_PRODUCT = YES;
			};
			name = Release;
		};
		3BD4E39826D29A0500C526FA /* Debug */ = {
			isa = XCBuildConfiguration;
			buildSettings = {
				ASSETCATALOG_COMPILER_APPICON_NAME = AppIcon;
				ASSETCATALOG_COMPILER_GLOBAL_ACCENT_COLOR_NAME = AccentColor;
				CODE_SIGN_STYLE = Automatic;
				DEVELOPMENT_TEAM = 335K4KY56R;
				INFOPLIST_FILE = MemeMe/Info.plist;
				LD_RUNPATH_SEARCH_PATHS = (
					"$(inherited)",
					"@executable_path/Frameworks",
				);
				PRODUCT_BUNDLE_IDENTIFIER = com.lrosasarce.MemeMe;
				PRODUCT_NAME = "$(TARGET_NAME)";
				SWIFT_VERSION = 5.0;
				TARGETED_DEVICE_FAMILY = "1,2";
			};
			name = Debug;
		};
		3BD4E39926D29A0500C526FA /* Release */ = {
			isa = XCBuildConfiguration;
			buildSettings = {
				ASSETCATALOG_COMPILER_APPICON_NAME = AppIcon;
				ASSETCATALOG_COMPILER_GLOBAL_ACCENT_COLOR_NAME = AccentColor;
				CODE_SIGN_STYLE = Automatic;
				DEVELOPMENT_TEAM = 335K4KY56R;
				INFOPLIST_FILE = MemeMe/Info.plist;
				LD_RUNPATH_SEARCH_PATHS = (
					"$(inherited)",
					"@executable_path/Frameworks",
				);
				PRODUCT_BUNDLE_IDENTIFIER = com.lrosasarce.MemeMe;
				PRODUCT_NAME = "$(TARGET_NAME)";
				SWIFT_VERSION = 5.0;
				TARGETED_DEVICE_FAMILY = "1,2";
			};
			name = Release;
		};
/* End XCBuildConfiguration section */

/* Begin XCConfigurationList section */
		3BD4E37E26D29A0000C526FA /* Build configuration list for PBXProject "MemeMe" */ = {
			isa = XCConfigurationList;
			buildConfigurations = (
				3BD4E39526D29A0500C526FA /* Debug */,
				3BD4E39626D29A0500C526FA /* Release */,
			);
			defaultConfigurationIsVisible = 0;
			defaultConfigurationName = Release;
		};
		3BD4E39726D29A0500C526FA /* Build configuration list for PBXNativeTarget "MemeMe" */ = {
			isa = XCConfigurationList;
			buildConfigurations = (
				3BD4E39826D29A0500C526FA /* Debug */,
				3BD4E39926D29A0500C526FA /* Release */,
			);
			defaultConfigurationIsVisible = 0;
			defaultConfigurationName = Release;
		};
/* End XCConfigurationList section */
	};
	rootObject = 3BD4E37B26D29A0000C526FA /* Project object */;
}
